
Microsoft Visual Studio Solution File, Format Version 12.00
# Visual Studio 15
VisualStudioVersion = 15.0.28307.1022
MinimumVisualStudioVersion = 10.0.40219.1
Project("{FAE04EC0-301F-11D3-BF4B-00C04F79EFBC}") = "ScratchPad", "ScratchPad.csproj", "{5F706FC9-B245-4B5E-9EED-F25A1A581B2C}"
EndProject
Global
	GlobalSection(SolutionConfigurationPlatforms) = preSolution
		Debug|Any CPU = Debug|Any CPU
		Release|Any CPU = Release|Any CPU
	EndGlobalSection
	GlobalSection(ProjectConfigurationPlatforms) = postSolution
		{5F706FC9-B245-4B5E-9EED-F25A1A581B2C}.Debug|Any CPU.ActiveCfg = Debug|Any CPU
		{5F706FC9-B245-4B5E-9EED-F25A1A581B2C}.Debug|Any CPU.Build.0 = Debug|Any CPU
		{5F706FC9-B245-4B5E-9EED-F25A1A581B2C}.Release|Any CPU.ActiveCfg = Release|Any CPU
		{5F706FC9-B245-4B5E-9EED-F25A1A581B2C}.Release|Any CPU.Build.0 = Release|Any CPU
	EndGlobalSection
	GlobalSection(SolutionProperties) = preSolution
		HideSolutionNode = FALSE
	EndGlobalSection
	GlobalSection(ExtensibilityGlobals) = postSolution
		SolutionGuid = {3992AE51-A539-43C0-8E27-F23C8F2C810A}
	EndGlobalSection
EndGlobal
